
Microsoft Visual Studio Solution File, Format Version 12.00
# Visual Studio Version 17
VisualStudioVersion = 17.13.35931.197 d17.13
MinimumVisualStudioVersion = 10.0.40219.1
Project("{FAE04EC0-301F-11D3-BF4B-00C04F79EFBC}") = "MiniAccountManagement", "MiniAccountManagement\MiniAccountManagement.csproj", "{0C029843-6536-4658-A558-5CD7722921B1}"
EndProject
Global
	GlobalSection(SolutionConfigurationPlatforms) = preSolution
		Debug|Any CPU = Debug|Any CPU
		Release|Any CPU = Release|Any CPU
	EndGlobalSection
	GlobalSection(ProjectConfigurationPlatforms) = postSolution
		{0C029843-6536-4658-A558-5CD7722921B1}.Debug|Any CPU.ActiveCfg = Debug|Any CPU
		{0C029843-6536-4658-A558-5CD7722921B1}.Debug|Any CPU.Build.0 = Debug|Any CPU
		{0C029843-6536-4658-A558-5CD7722921B1}.Release|Any CPU.ActiveCfg = Release|Any CPU
		{0C029843-6536-4658-A558-5CD7722921B1}.Release|Any CPU.Build.0 = Release|Any CPU
	EndGlobalSection
	GlobalSection(SolutionProperties) = preSolution
		HideSolutionNode = FALSE
	EndGlobalSection
	GlobalSection(ExtensibilityGlobals) = postSolution
		SolutionGuid = {2DC7CFED-58E4-4501-89B7-8CC689D862A8}
	EndGlobalSection
EndGlobal
